[[package]]
name = "brotli"
version = "1.1.0"
description = "Python bindings for the Brotli compression library"
category = "main"
optional = false
python-versions = "*"

[[package]]
name = "brotlicffi"
version = "1.1.0.0"
description = "Python CFFI bindings to the Brotli library"
category = "main"
optional = false
python-versions = ">=3.7"

[package.dependencies]
cffi = ">=1.0.0"

[[package]]
name = "certifi"
version = "2023.7.22"
description = "Python package for providing Mozilla's CA Bundle."
category = "main"
optional = false
python-versions = ">=3.6"

[[package]]
name = "cffi"
version = "1.16.0"
description = "Foreign Function Interface for Python calling C code."
category = "main"
optional = false
python-versions = ">=3.8"

[package.dependencies]
pycparser = "*"

[[package]]
name = "mutagen"
version = "1.47.0"
description = "read and write audio tags for many formats"
category = "main"
optional = false
python-versions = ">=3.7"

[[package]]
name = "pycparser"
version = "2.21"
description = "C parser in Python"
category = "main"
optional = false
python-versions = ">=2.7, !=3.0.*, !=3.1.*, !=3.2.*, !=3.3.*"

[[package]]
name = "pycryptodomex"
version = "3.19.0"
description = "Cryptographic library for Python"
category = "main"
optional = false
python-versions = ">=2.7, !=3.0.*, !=3.1.*, !=3.2.*, !=3.3.*, !=3.4.*"

[[package]]
name = "websockets"
version = "12.0"
description = "An implementation of the WebSocket Protocol (RFC 6455 & 7692)"
category = "main"
optional = false
python-versions = ">=3.8"

[[package]]
name = "yt-dlp"
version = "2023.10.13"
description = "A youtube-dl fork with additional features and patches"
category = "main"
optional = false
python-versions = ">=3.7"

[package.dependencies]
brotli = {version = "*", markers = "platform_python_implementation == \"CPython\""}
brotlicffi = {version = "*", markers = "platform_python_implementation != \"CPython\""}
certifi = "*"
mutagen = "*"
pycryptodomex = "*"
websockets = "*"

[metadata]
lock-version = "1.1"
python-versions = "^3.10"
content-hash = "13b66ade82cf3aa85161cd9c4b4f4d0ea2e0e7333544357063b8de74b1bd5b3c"

[metadata.files]
brotli = []
brotlicffi = []
certifi = []
cffi = []
mutagen = []
pycparser = []
pycryptodomex = []
websockets = []
yt-dlp = []
